Microsoft Visual Studio Solution File, Format Version 12.00
# Visual Studio 15
VisualStudioVersion = 15.0.28010.2041
MinimumVisualStudioVersion = 10.0.40219.1
Project("{FAE04EC0-301F-11D3-BF4B-00C04F79EFBC}") = "ImageSplitter", "ImageSplitter\ImageSplitter.csproj", "{87F845DD-8947-4581-8991-A60BB9D8471C}"
EndProject
Project("{FAE04EC0-301F-11D3-BF4B-00C04F79EFBC}") = "ImageSplitter.Winforms", "ImageSplitter.Winfroms\ImageSplitter.Winforms.csproj", "{D5A3E066-AA9D-4C9F-A6DA-BDFC91F3FD4A}"
EndProject
Global
	GlobalSection(SolutionConfigurationPlatforms) = preSolution
		Debug|Any CPU = Debug|Any CPU
		Debug|ARM = Debug|ARM
		Debug|iPhone = Debug|iPhone
		Debug|iPhoneSimulator = Debug|iPhoneSimulator
		Debug|x64 = Debug|x64
		Debug|x86 = Debug|x86
		Release|Any CPU = Release|Any CPU
		Release|ARM = Release|ARM
		Release|iPhone = Release|iPhone
		Release|iPhoneSimulator = Release|iPhoneSimulator
		Release|x64 = Release|x64
		Release|x86 = Release|x86
	EndGlobalSection
	GlobalSection(ProjectConfigurationPlatforms) = postSolution
		{87F845DD-8947-4581-8991-A60BB9D8471C}.Debug|Any CPU.ActiveCfg = Debug|Any CPU
		{87F845DD-8947-4581-8991-A60BB9D8471C}.Debug|Any CPU.Build.0 = Debug|Any CPU
		{87F845DD-8947-4581-8991-A60BB9D8471C}.Debug|ARM.ActiveCfg = Debug|Any CPU
		{87F845DD-8947-4581-8991-A60BB9D8471C}.Debug|ARM.Build.0 = Debug|Any CPU
		{87F845DD-8947-4581-8991-A60BB9D8471C}.Debug|iPhone.ActiveCfg = Debug|Any CPU
		{87F845DD-8947-4581-8991-A60BB9D8471C}.Debug|iPhone.Build.0 = Debug|Any CPU
		{87F845DD-8947-4581-8991-A60BB9D8471C}.Debug|iPhoneSimulator.ActiveCfg = Debug|Any CPU
		{87F845DD-8947-4581-8991-A60BB9D8471C}.Debug|iPhoneSimulator.Build.0 = Debug|Any CPU
		{87F845DD-8947-4581-8991-A60BB9D8471C}.Debug|x64.ActiveCfg = Debug|Any CPU
		{87F845DD-8947-4581-8991-A60BB9D8471C}.Debug|x64.Build.0 = Debug|Any CPU
		{87F845DD-8947-4581-8991-A60BB9D8471C}.Debug|x86.ActiveCfg = Debug|Any CPU
		{87F845DD-8947-4581-8991-A60BB9D8471C}.Debug|x86.Build.0 = Debug|Any CPU
		{87F845DD-8947-4581-8991-A60BB9D8471C}.Release|Any CPU.ActiveCfg = Release|Any CPU
		{87F845DD-8947-4581-8991-A60BB9D8471C}.Release|Any CPU.Build.0 = Release|Any CPU
		{87F845DD-8947-4581-8991-A60BB9D8471C}.Release|ARM.ActiveCfg = Release|Any CPU
		{87F845DD-8947-4581-8991-A60BB9D8471C}.Release|ARM.Build.0 = Release|Any CPU
		{87F845DD-8947-4581-8991-A60BB9D8471C}.Release|iPhone.ActiveCfg = Release|Any CPU
		{87F845DD-8947-4581-8991-A60BB9D8471C}.Release|iPhone.Build.0 = Release|Any CPU
		{87F845DD-8947-4581-8991-A60BB9D8471C}.Release|iPhoneSimulator.ActiveCfg = Release|Any CPU
		{87F845DD-8947-4581-8991-A60BB9D8471C}.Release|iPhoneSimulator.Build.0 = Release|Any CPU
		{87F845DD-8947-4581-8991-A60BB9D8471C}.Release|x64.ActiveCfg = Release|Any CPU
		{87F845DD-8947-4581-8991-A60BB9D8471C}.Release|x64.Build.0 = Release|Any CPU
		{87F845DD-8947-4581-8991-A60BB9D8471C}.Release|x86.ActiveCfg = Release|Any CPU
		{87F845DD-8947-4581-8991-A60BB9D8471C}.Release|x86.Build.0 = Release|Any CPU
		{D5A3E066-AA9D-4C9F-A6DA-BDFC91F3FD4A}.Debug|Any CPU.ActiveCfg = Debug|Any CPU
		{D5A3E066-AA9D-4C9F-A6DA-BDFC91F3FD4A}.Debug|Any CPU.Build.0 = Debug|Any CPU
		{D5A3E066-AA9D-4C9F-A6DA-BDFC91F3FD4A}.Debug|ARM.ActiveCfg = Debug|Any CPU
		{D5A3E066-AA9D-4C9F-A6DA-BDFC91F3FD4A}.Debug|ARM.Build.0 = Debug|Any CPU
		{D5A3E066-AA9D-4C9F-A6DA-BDFC91F3FD4A}.Debug|iPhone.ActiveCfg = Debug|Any CPU
		{D5A3E066-AA9D-4C9F-A6DA-BDFC91F3FD4A}.Debug|iPhone.Build.0 = Debug|Any CPU
		{D5A3E066-AA9D-4C9F-A6DA-BDFC91F3FD4A}.Debug|iPhoneSimulator.ActiveCfg = Debug|Any CPU
		{D5A3E066-AA9D-4C9F-A6DA-BDFC91F3FD4A}.Debug|iPhoneSimulator.Build.0 = Debug|Any CPU
		{D5A3E066-AA9D-4C9F-A6DA-BDFC91F3FD4A}.Debug|x64.ActiveCfg = Debug|Any CPU
		{D5A3E066-AA9D-4C9F-A6DA-BDFC91F3FD4A}.Debug|x64.Build.0 = Debug|Any CPU
		{D5A3E066-AA9D-4C9F-A6DA-BDFC91F3FD4A}.Debug|x86.ActiveCfg = Debug|Any CPU
		{D5A3E066-AA9D-4C9F-A6DA-BDFC91F3FD4A}.Debug|x86.Build.0 = Debug|Any CPU
		{D5A3E066-AA9D-4C9F-A6DA-BDFC91F3FD4A}.Release|Any CPU.ActiveCfg = Release|Any CPU
		{D5A3E066-AA9D-4C9F-A6DA-BDFC91F3FD4A}.Release|Any CPU.Build.0 = Release|Any CPU
		{D5A3E066-AA9D-4C9F-A6DA-BDFC91F3FD4A}.Release|ARM.ActiveCfg = Release|Any CPU
		{D5A3E066-AA9D-4C9F-A6DA-BDFC91F3FD4A}.Release|ARM.Build.0 = Release|Any CPU
		{D5A3E066-AA9D-4C9F-A6DA-BDFC91F3FD4A}.Release|iPhone.ActiveCfg = Release|Any CPU
		{D5A3E066-AA9D-4C9F-A6DA-BDFC91F3FD4A}.Release|iPhone.Build.0 = Release|Any CPU
		{D5A3E066-AA9D-4C9F-A6DA-BDFC91F3FD4A}.Release|iPhoneSimulator.ActiveCfg = Release|Any CPU
		{D5A3E066-AA9D-4C9F-A6DA-BDFC91F3FD4A}.Release|iPhoneSimulator.Build.0 = Release|Any CPU
		{D5A3E066-AA9D-4C9F-A6DA-BDFC91F3FD4A}.Release|x64.ActiveCfg = Release|Any CPU
		{D5A3E066-AA9D-4C9F-A6DA-BDFC91F3FD4A}.Release|x64.Build.0 = Release|Any CPU
		{D5A3E066-AA9D-4C9F-A6DA-BDFC91F3FD4A}.Release|x86.ActiveCfg = Release|Any CPU
		{D5A3E066-AA9D-4C9F-A6DA-BDFC91F3FD4A}.Release|x86.Build.0 = Release|Any CPU
	EndGlobalSection
	GlobalSection(SolutionProperties) = preSolution
		HideSolutionNode = FALSE
	EndGlobalSection
	GlobalSection(ExtensibilityGlobals) = postSolution
		SolutionGuid = {6975ED24-43DC-4BC3-97FF-584021319D16}
	EndGlobalSection
EndGlobal
